
Microsoft Visual Studio Solution File, Format Version 12.00
# Visual Studio Version 16
VisualStudioVersion = 16.0.32630.194
MinimumVisualStudioVersion = 10.0.40219.1
Project("{FAE04EC0-301F-11D3-BF4B-00C04F79EFBC}") = "formulario WMP", "ejercicio\formulario WMP.csproj", "{48357B12-F92E-450E-9188-2C625C25E87A}"
EndProject
Global
	GlobalSection(SolutionConfigurationPlatforms) = preSolution
		Debug|Any CPU = Debug|Any CPU
		Release|Any CPU = Release|Any CPU
	EndGlobalSection
	GlobalSection(ProjectConfigurationPlatforms) = postSolution
		{48357B12-F92E-450E-9188-2C625C25E87A}.Debug|Any CPU.ActiveCfg = Debug|Any CPU
		{48357B12-F92E-450E-9188-2C625C25E87A}.Debug|Any CPU.Build.0 = Debug|Any CPU
		{48357B12-F92E-450E-9188-2C625C25E87A}.Release|Any CPU.ActiveCfg = Release|Any CPU
		{48357B12-F92E-450E-9188-2C625C25E87A}.Release|Any CPU.Build.0 = Release|Any CPU
	EndGlobalSection
	GlobalSection(SolutionProperties) = preSolution
		HideSolutionNode = FALSE
	EndGlobalSection
	GlobalSection(ExtensibilityGlobals) = postSolution
		SolutionGuid = {F259C649-B190-489E-8A1F-26DCE13DFF4E}
	EndGlobalSection
EndGlobal
